<?xml version="1.0" encoding="utf-8"?>
<Project ToolsVersion="4.0" xmlns="http://schemas.microsoft.com/developer/msbuild/2003">
  <ItemGroup>
    <Filter Include="소스 파일">
      <UniqueIdentifier>{4FC737F1-C7A5-4376-A066-2A32D752A2FF}</UniqueIdentifier>
      <Extensions>cpp;c;cc;cxx;c++;cppm;ixx;def;odl;idl;hpj;bat;asm;asmx</Extensions>
    </Filter>
    <Filter Include="헤더 파일">
      <UniqueIdentifier>{93995380-89BD-4b04-88EB-625FBE52EBFB}</UniqueIdentifier>
      <Extensions>h;hh;hpp;hxx;h++;hm;inl;inc;ipp;xsd</Extensions>
    </Filter>
    <Filter Include="리소스 파일">
      <UniqueIdentifier>{67DA6AB6-F800-4c08-8B7A-83BB121AAD01}</UniqueIdentifier>
      <Extensions>rc;ico;cur;bmp;dlg;rc2;rct;bin;rgs;gif;jpg;jpeg;jpe;resx;tiff;tif;png;wav;mfcribbon-ms</Extensions>
    </Filter>
    <Filter Include="소스 파일\02_1">
      <UniqueIdentifier>{170e512e-753e-407c-8d9b-1c7ee95cafab}</UniqueIdentifier>
    </Filter>
    <Filter Include="소스 파일\02_2">
      <UniqueIdentifier>{38e586c6-4ed8-47a9-8a36-b123b56d67f2}</UniqueIdentifier>
    </Filter>
    <Filter Include="소스 파일\02_3">
      <UniqueIdentifier>{03bb9808-02fa-4609-9b83-5a490f7ee003}</UniqueIdentifier>
    </Filter>
    <Filter Include="소스 파일\02_4">
      <UniqueIdentifier>{9ee63635-0a1f-4aba-a9f0-26d88d5ca5d4}</UniqueIdentifier>
    </Filter>
  </ItemGroup>
  <ItemGroup>
    <ClCompile Include="02_1_Question3.cpp">
      <Filter>소스 파일\02_1</Filter>
    </ClCompile>
    <ClCompile Include="02_1_Question1.cpp">
      <Filter>소스 파일\02_1</Filter>
    </ClCompile>
    <ClCompile Include="02_1_Question2.cpp">
      <Filter>소스 파일\02_1</Filter>
    </ClCompile>
    <ClCompile Include="02_2_Question1.cpp">
      <Filter>소스 파일\02_2</Filter>
    </ClCompile>
    <ClCompile Include="02_3_Question1.cpp">
      <Filter>소스 파일\02_3</Filter>
    </ClCompile>
    <ClCompile Include="02_4_Question1.cpp">
      <Filter>소스 파일\02_4</Filter>
    </ClCompile>
    <ClCompile Include="02_4_Question2.cpp">
      <Filter>소스 파일\02_4</Filter>
    </ClCompile>
  </ItemGroup>
</Project>